// !$*UTF8*$!
{
	archiveVersion = 1;
	classes = {
	};
	objectVersion = 51;
	objects = {

/* Begin PBXBuildFile section */
		18136D03230D9FC700271111 /* AppDelegate.swift in Sources */ = {isa = PBXBuildFile; fileRef = 18136D02230D9FC700271111 /* AppDelegate.swift */; };
		18136D05230D9FC700271111 /* ViewController.swift in Sources */ = {isa = PBXBuildFile; fileRef = 18136D04230D9FC700271111 /* ViewController.swift */; };
		18136D08230D9FC700271111 /* Main.storyboard in Resources */ = {isa = PBXBuildFile; fileRef = 18136D06230D9FC700271111 /* Main.storyboard */; };
		18136D0A230D9FC800271111 /* Assets.xcassets in Resources */ = {isa = PBXBuildFile; fileRef = 18136D09230D9FC800271111 /* Assets.xcassets */; };
		18136D0D230D9FC800271111 /* LaunchScreen.storyboard in Resources */ = {isa = PBXBuildFile; fileRef = 18136D0B230D9FC800271111 /* LaunchScreen.storyboard */; };
		1879AC3A230DAF830065107F /* TodoViewModel.swift in Sources */ = {isa = PBXBuildFile; fileRef = 1879AC39230DAF830065107F /* TodoViewModel.swift */; };
		1879AC3C230DAF8E0065107F /* TodoModel.swift in Sources */ = {isa = PBXBuildFile; fileRef = 1879AC3B230DAF8E0065107F /* TodoModel.swift */; };
		1879AC3E230DAFB30065107F /* TodoStatus.swift in Sources */ = {isa = PBXBuildFile; fileRef = 1879AC3D230DAFB30065107F /* TodoStatus.swift */; };
		1879AC42230DB3C90065107F /* TodoTableViewCell.swift in Sources */ = {isa = PBXBuildFile; fileRef = 1879AC41230DB3C90065107F /* TodoTableViewCell.swift */; };
		4EFF1AFE22D41461EDAC70CC /* Pods_TodoList.framework in Frameworks */ = {isa = PBXBuildFile; fileRef = 20A9EC9E8641268162B7F37B /* Pods_TodoList.framework */; };
/* End PBXBuildFile section */

/* Begin PBXFileReference section */
		0ED6A8DBA117B26AF27B771F /* Pods-TodoList.release.xcconfig */ = {isa = PBXFileReference; includeInIndex = 1; lastKnownFileType = text.xcconfig; name = "Pods-TodoList.release.xcconfig"; path = "Target Support Files/Pods-TodoList/Pods-TodoList.release.xcconfig"; sourceTree = "<group>"; };
		18136CFF230D9FC700271111 /* TodoList.app */ = {isa = PBXFileReference; explicitFileType = wrapper.application; includeInIndex = 0; path = TodoList.app; sourceTree = BUILT_PRODUCTS_DIR; };
		18136D02230D9FC700271111 /* AppDelegate.swift */ = {isa = PBXFileReference; lastKnownFileType = sourcecode.swift; path = AppDelegate.swift; sourceTree = "<group>"; };
		18136D04230D9FC700271111 /* ViewController.swift */ = {isa = PBXFileReference; lastKnownFileType = sourcecode.swift; path = ViewController.swift; sourceTree = "<group>"; };
		18136D07230D9FC700271111 /* Base */ = {isa = PBXFileReference; lastKnownFileType = file.storyboard; name = Base; path = Base.lproj/Main.storyboard; sourceTree = "<group>"; };
		18136D09230D9FC800271111 /* Assets.xcassets */ = {isa = PBXFileReference; lastKnownFileType = folder.assetcatalog; path = Assets.xcassets; sourceTree = "<group>"; };
		18136D0C230D9FC800271111 /* Base */ = {isa = PBXFileReference; lastKnownFileType = file.storyboard; name = Base; path = Base.lproj/LaunchScreen.storyboard; sourceTree = "<group>"; };
		18136D0E230D9FC800271111 /* Info.plist */ = {isa = PBXFileReference; lastKnownFileType = text.plist.xml; path = Info.plist; sourceTree = "<group>"; };
		1879AC39230DAF830065107F /* TodoViewModel.swift */ = {isa = PBXFileReference; lastKnownFileType = sourcecode.swift; path = TodoViewModel.swift; sourceTree = "<group>"; };
		1879AC3B230DAF8E0065107F /* TodoModel.swift */ = {isa = PBXFileReference; lastKnownFileType = sourcecode.swift; path = TodoModel.swift; sourceTree = "<group>"; };
		1879AC3D230DAFB30065107F /* TodoStatus.swift */ = {isa = PBXFileReference; lastKnownFileType = sourcecode.swift; path = TodoStatus.swift; sourceTree = "<group>"; };
		1879AC41230DB3C90065107F /* TodoTableViewCell.swift */ = {isa = PBXFileReference; lastKnownFileType = sourcecode.swift; path = TodoTableViewCell.swift; sourceTree = "<group>"; };
		20A9EC9E8641268162B7F37B /* Pods_TodoList.framework */ = {isa = PBXFileReference; explicitFileType = wrapper.framework; includeInIndex = 0; path = Pods_TodoList.framework; sourceTree = BUILT_PRODUCTS_DIR; };
		69F662A6EBC07C9DFA0011C8 /* Pods-TodoList.debug.xcconfig */ = {isa = PBXFileReference; includeInIndex = 1; lastKnownFileType = text.xcconfig; name = "Pods-TodoList.debug.xcconfig"; path = "Target Support Files/Pods-TodoList/Pods-TodoList.debug.xcconfig"; sourceTree = "<group>"; };
/* End PBXFileReference section */

/* Begin PBXFrameworksBuildPhase section */
		18136CFC230D9FC700271111 /* Frameworks */ = {
			isa = PBXFrameworksBuildPhase;
			buildActionMask = 2147483647;
			files = (
				4EFF1AFE22D41461EDAC70CC /* Pods_TodoList.framework in Frameworks */,
			);
			runOnlyForDeploymentPostprocessing = 0;
		};
/* End PBXFrameworksBuildPhase section */

/* Begin PBXGroup section */
		18136CF6230D9FC700271111 = {
			isa = PBXGroup;
			children = (
				18136D01230D9FC700271111 /* TodoList */,
				18136D00230D9FC700271111 /* Products */,
				C5AE7EA800E6677A39E43FEC /* Pods */,
				39BA7A53ACD5F976E03CDF26 /* Frameworks */,
			);
			sourceTree = "<group>";
		};
		18136D00230D9FC700271111 /* Products */ = {
			isa = PBXGroup;
			children = (
				18136CFF230D9FC700271111 /* TodoList.app */,
			);
			name = Products;
			sourceTree = "<group>";
		};
		18136D01230D9FC700271111 /* TodoList */ = {
			isa = PBXGroup;
			children = (
				18136D02230D9FC700271111 /* AppDelegate.swift */,
				18136D09230D9FC800271111 /* Assets.xcassets */,
				18136D0B230D9FC800271111 /* LaunchScreen.storyboard */,
				18136D0E230D9FC800271111 /* Info.plist */,
				1879AC38230DA11C0065107F /* ViewModels */,
				1879AC37230DA1130065107F /* Models */,
				1879AC36230DA10A0065107F /* Views */,
			);
			path = TodoList;
			sourceTree = "<group>";
		};
		1879AC36230DA10A0065107F /* Views */ = {
			isa = PBXGroup;
			children = (
				1879AC3F230DB3A10065107F /* Controllers */,
				1879AC40230DB3AD0065107F /* Cells */,
			);
			path = Views;
			sourceTree = "<group>";
		};
		1879AC37230DA1130065107F /* Models */ = {
			isa = PBXGroup;
			children = (
				1879AC3B230DAF8E0065107F /* TodoModel.swift */,
				1879AC3D230DAFB30065107F /* TodoStatus.swift */,
			);
			path = Models;
			sourceTree = "<group>";
		};
		1879AC38230DA11C0065107F /* ViewModels */ = {
			isa = PBXGroup;
			children = (
				1879AC39230DAF830065107F /* TodoViewModel.swift */,
			);
			path = ViewModels;
			sourceTree = "<group>";
		};
		1879AC3F230DB3A10065107F /* Controllers */ = {
			isa = PBXGroup;
			children = (
				18136D06230D9FC700271111 /* Main.storyboard */,
				18136D04230D9FC700271111 /* ViewController.swift */,
			);
			path = Controllers;
			sourceTree = "<group>";
		};
		1879AC40230DB3AD0065107F /* Cells */ = {
			isa = PBXGroup;
			children = (
				1879AC41230DB3C90065107F /* TodoTableViewCell.swift */,
			);
			path = Cells;
			sourceTree = "<group>";
		};
		39BA7A53ACD5F976E03CDF26 /* Frameworks */ = {
			isa = PBXGroup;
			children = (
				20A9EC9E8641268162B7F37B /* Pods_TodoList.framework */,
			);
			name = Frameworks;
			sourceTree = "<group>";
		};
		C5AE7EA800E6677A39E43FEC /* Pods */ = {
			isa = PBXGroup;
			children = (
				69F662A6EBC07C9DFA0011C8 /* Pods-TodoList.debug.xcconfig */,
				0ED6A8DBA117B26AF27B771F /* Pods-TodoList.release.xcconfig */,
			);
			path = Pods;
			sourceTree = "<group>";
		};
/* End PBXGroup section */

/* Begin PBXNativeTarget section */
		18136CFE230D9FC700271111 /* TodoList */ = {
			isa = PBXNativeTarget;
			buildConfigurationList = 18136D11230D9FC800271111 /* Build configuration list for PBXNativeTarget "TodoList" */;
			buildPhases = (
				4E6CAC24ABB4E58B044F89B7 /* [CP] Check Pods Manifest.lock */,
				18136CFB230D9FC700271111 /* Sources */,
				18136CFC230D9FC700271111 /* Frameworks */,
				18136CFD230D9FC700271111 /* Resources */,
				CBEEC7E6E3A193971AD8D957 /* [CP] Embed Pods Frameworks */,
			);
			buildRules = (
			);
			dependencies = (
			);
			name = TodoList;
			productName = TodoList;
			productReference = 18136CFF230D9FC700271111 /* TodoList.app */;
			productType = "com.apple.product-type.application";
		};
/* End PBXNativeTarget section */

/* Begin PBXProject section */
		18136CF7230D9FC700271111 /* Project object */ = {
			isa = PBXProject;
			attributes = {
				LastSwiftUpdateCheck = 1030;
				LastUpgradeCheck = 1030;
				ORGANIZATIONNAME = ThuTrangT5;
				TargetAttributes = {
					18136CFE230D9FC700271111 = {
						CreatedOnToolsVersion = 10.3;
					};
				};
			};
			buildConfigurationList = 18136CFA230D9FC700271111 /* Build configuration list for PBXProject "TodoList" */;
			compatibilityVersion = "Xcode 9.3";
			developmentRegion = en;
			hasScannedForEncodings = 0;
			knownRegions = (
				en,
				Base,
			);
			mainGroup = 18136CF6230D9FC700271111;
			productRefGroup = 18136D00230D9FC700271111 /* Products */;
			projectDirPath = "";
			projectRoot = "";
			targets = (
				18136CFE230D9FC700271111 /* TodoList */,
			);
		};
/* End PBXProject section */

/* Begin PBXResourcesBuildPhase section */
		18136CFD230D9FC700271111 /* Resources */ = {
			isa = PBXResourcesBuildPhase;
			buildActionMask = 2147483647;
			files = (
				18136D0D230D9FC800271111 /* LaunchScreen.storyboard in Resources */,
				18136D0A230D9FC800271111 /* Assets.xcassets in Resources */,
				18136D08230D9FC700271111 /* Main.storyboard in Resources */,
			);
			runOnlyForDeploymentPostprocessing = 0;
		};
/* End PBXResourcesBuildPhase section */

/* Begin PBXShellScriptBuildPhase section */
		4E6CAC24ABB4E58B044F89B7 /* [CP] Check Pods Manifest.lock */ = {
			isa = PBXShellScriptBuildPhase;
			buildActionMask = 2147483647;
			files = (
			);
			inputFileListPaths = (
			);
			inputPaths = (
				"${PODS_PODFILE_DIR_PATH}/Podfile.lock",
				"${PODS_ROOT}/Manifest.lock",
			);
			name = "[CP] Check Pods Manifest.lock";
			outputFileListPaths = (
			);
			outputPaths = (
				"$(DERIVED_FILE_DIR)/Pods-TodoList-checkManifestLockResult.txt",
			);
			runOnlyForDeploymentPostprocessing = 0;
			shellPath = /bin/sh;
			shellScript = "diff \"${PODS_PODFILE_DIR_PATH}/Podfile.lock\" \"${PODS_ROOT}/Manifest.lock\" > /dev/null\nif [ $? != 0 ] ; then\n    # print error to STDERR\n    echo \"error: The sandbox is not in sync with the Podfile.lock. Run 'pod install' or update your CocoaPods installation.\" >&2\n    exit 1\nfi\n# This output is used by Xcode 'outputs' to avoid re-running this script phase.\necho \"SUCCESS\" > \"${SCRIPT_OUTPUT_FILE_0}\"\n";
			showEnvVarsInLog = 0;
		};
		CBEEC7E6E3A193971AD8D957 /* [CP] Embed Pods Frameworks */ = {
			isa = PBXShellScriptBuildPhase;
			buildActionMask = 2147483647;
			files = (
			);
			inputFileListPaths = (
				"${PODS_ROOT}/Target Support Files/Pods-TodoList/Pods-TodoList-frameworks-${CONFIGURATION}-input-files.xcfilelist",
			);
			name = "[CP] Embed Pods Frameworks";
			outputFileListPaths = (
				"${PODS_ROOT}/Target Support Files/Pods-TodoList/Pods-TodoList-frameworks-${CONFIGURATION}-output-files.xcfilelist",
			);
			runOnlyForDeploymentPostprocessing = 0;
			shellPath = /bin/sh;
			shellScript = "\"${PODS_ROOT}/Target Support Files/Pods-TodoList/Pods-TodoList-frameworks.sh\"\n";
			showEnvVarsInLog = 0;
		};
/* End PBXShellScriptBuildPhase section */

/* Begin PBXSourcesBuildPhase section */
		18136CFB230D9FC700271111 /* Sources */ = {
			isa = PBXSourcesBuildPhase;
			buildActionMask = 2147483647;
			files = (
				1879AC3A230DAF830065107F /* TodoViewModel.swift in Sources */,
				1879AC3C230DAF8E0065107F /* TodoModel.swift in Sources */,
				18136D05230D9FC700271111 /* ViewController.swift in Sources */,
				1879AC42230DB3C90065107F /* TodoTableViewCell.swift in Sources */,
				1879AC3E230DAFB30065107F /* TodoStatus.swift in Sources */,
				18136D03230D9FC700271111 /* AppDelegate.swift in Sources */,
			);
			runOnlyForDeploymentPostprocessing = 0;
		};
/* End PBXSourcesBuildPhase section */

/* Begin PBXVariantGroup section */
		18136D06230D9FC700271111 /* Main.storyboard */ = {
			isa = PBXVariantGroup;
			children = (
				18136D07230D9FC700271111 /* Base */,
			);
			name = Main.storyboard;
			sourceTree = "<group>";
		};
		18136D0B230D9FC800271111 /* LaunchScreen.storyboard */ = {
			isa = PBXVariantGroup;
			children = (
				18136D0C230D9FC800271111 /* Base */,
			);
			name = LaunchScreen.storyboard;
			sourceTree = "<group>";
		};
/* End PBXVariantGroup section */

/* Begin XCBuildConfiguration section */
		18136D0F230D9FC800271111 /* Debug */ = {
			isa = XCBuildConfiguration;
			buildSettings = {
				ALWAYS_SEARCH_USER_PATHS = NO;
				CLANG_ANALYZER_NONNULL = YES;
				CLANG_ANALYZER_NUMBER_OBJECT_CONVERSION = YES_AGGRESSIVE;
				CLANG_CXX_LANGUAGE_STANDARD = "gnu++14";
				CLANG_CXX_LIBRARY = "libc++";
				CLANG_ENABLE_MODULES = YES;
				CLANG_ENABLE_OBJC_ARC = YES;
				CLANG_ENABLE_OBJC_WEAK = YES;
				CLANG_WARN_BLOCK_CAPTURE_AUTORELEASING = YES;
				CLANG_WARN_BOOL_CONVERSION = YES;
				CLANG_WARN_COMMA = YES;
				CLANG_WARN_CONSTANT_CONVERSION = YES;
				CLANG_WARN_DEPRECATED_OBJC_IMPLEMENTATIONS = YES;
				CLANG_WARN_DIRECT_OBJC_ISA_USAGE = YES_ERROR;
				CLANG_WARN_DOCUMENTATION_COMMENTS = YES;
				CLANG_WARN_EMPTY_BODY = YES;
				CLANG_WARN_ENUM_CONVERSION = YES;
				CLANG_WARN_INFINITE_RECURSION = YES;
				CLANG_WARN_INT_CONVERSION = YES;
				CLANG_WARN_NON_LITERAL_NULL_CONVERSION = YES;
				CLANG_WARN_OBJC_IMPLICIT_RETAIN_SELF = YES;
				CLANG_WARN_OBJC_LITERAL_CONVERSION = YES;
				CLANG_WARN_OBJC_ROOT_CLASS = YES_ERROR;
				CLANG_WARN_RANGE_LOOP_ANALYSIS = YES;
				CLANG_WARN_STRICT_PROTOTYPES = YES;
				CLANG_WARN_SUSPICIOUS_MOVE = YES;
				CLANG_WARN_UNGUARDED_AVAILABILITY = YES_AGGRESSIVE;
				CLANG_WARN_UNREACHABLE_CODE = YES;
				CLANG_WARN__DUPLICATE_METHOD_MATCH = YES;
				CODE_SIGN_IDENTITY = "iPhone Developer";
				COPY_PHASE_STRIP = NO;
				DEBUG_INFORMATION_FORMAT = dwarf;
				ENABLE_STRICT_OBJC_MSGSEND = YES;
				ENABLE_TESTABILITY = YES;
				GCC_C_LANGUAGE_STANDARD = gnu11;
				GCC_DYNAMIC_NO_PIC = NO;
				GCC_NO_COMMON_BLOCKS = YES;
				GCC_OPTIMIZATION_LEVEL = 0;
				GCC_PREPROCESSOR_DEFINITIONS = (
					"DEBUG=1",
					"$(inherited)",
				);
				GCC_WARN_64_TO_32_BIT_CONVERSION = YES;
				GCC_WARN_ABOUT_RETURN_TYPE = YES_ERROR;
				GCC_WARN_UNDECLARED_SELECTOR = YES;
				GCC_WARN_UNINITIALIZED_AUTOS = YES_AGGRESSIVE;
				GCC_WARN_UNUSED_FUNCTION = YES;
				GCC_WARN_UNUSED_VARIABLE = YES;
				IPHONEOS_DEPLOYMENT_TARGET = 12.4;
				MTL_ENABLE_DEBUG_INFO = INCLUDE_SOURCE;
				MTL_FAST_MATH = YES;
				ONLY_ACTIVE_ARCH = YES;
				SDKROOT = iphoneos;
				SWIFT_ACTIVE_COMPILATION_CONDITIONS = DEBUG;
				SWIFT_OPTIMIZATION_LEVEL = "-Onone";
			};
			name = Debug;
		};
		18136D10230D9FC800271111 /* Release */ = {
			isa = XCBuildConfiguration;
			buildSettings = {
				ALWAYS_SEARCH_USER_PATHS = NO;
				CLANG_ANALYZER_NONNULL = YES;
				CLANG_ANALYZER_NUMBER_OBJECT_CONVERSION = YES_AGGRESSIVE;
				CLANG_CXX_LANGUAGE_STANDARD = "gnu++14";
				CLANG_CXX_LIBRARY = "libc++";
				CLANG_ENABLE_MODULES = YES;
				CLANG_ENABLE_OBJC_ARC = YES;
				CLANG_ENABLE_OBJC_WEAK = YES;
				CLANG_WARN_BLOCK_CAPTURE_AUTORELEASING = YES;
				CLANG_WARN_BOOL_CONVERSION = YES;
				CLANG_WARN_COMMA = YES;
				CLANG_WARN_CONSTANT_CONVERSION = YES;
				CLANG_WARN_DEPRECATED_OBJC_IMPLEMENTATIONS = YES;
				CLANG_WARN_DIRECT_OBJC_ISA_USAGE = YES_ERROR;
				CLANG_WARN_DOCUMENTATION_COMMENTS = YES;
				CLANG_WARN_EMPTY_BODY = YES;
				CLANG_WARN_ENUM_CONVERSION = YES;
				CLANG_WARN_INFINITE_RECURSION = YES;
				CLANG_WARN_INT_CONVERSION = YES;
				CLANG_WARN_NON_LITERAL_NULL_CONVERSION = YES;
				CLANG_WARN_OBJC_IMPLICIT_RETAIN_SELF = YES;
				CLANG_WARN_OBJC_LITERAL_CONVERSION = YES;
				CLANG_WARN_OBJC_ROOT_CLASS = YES_ERROR;
				CLANG_WARN_RANGE_LOOP_ANALYSIS = YES;
				CLANG_WARN_STRICT_PROTOTYPES = YES;
				CLANG_WARN_SUSPICIOUS_MOVE = YES;
				CLANG_WARN_UNGUARDED_AVAILABILITY = YES_AGGRESSIVE;
				CLANG_WARN_UNREACHABLE_CODE = YES;
				CLANG_WARN__DUPLICATE_METHOD_MATCH = YES;
				CODE_SIGN_IDENTITY = "iPhone Developer";
				COPY_PHASE_STRIP = NO;
				DEBUG_INFORMATION_FORMAT = "dwarf-with-dsym";
				ENABLE_NS_ASSERTIONS = NO;
				ENABLE_STRICT_OBJC_MSGSEND = YES;
				GCC_C_LANGUAGE_STANDARD = gnu11;
				GCC_NO_COMMON_BLOCKS = YES;
				GCC_WARN_64_TO_32_BIT_CONVERSION = YES;
				GCC_WARN_ABOUT_RETURN_TYPE = YES_ERROR;
				GCC_WARN_UNDECLARED_SELECTOR = YES;
				GCC_WARN_UNINITIALIZED_AUTOS = YES_AGGRESSIVE;
				GCC_WARN_UNUSED_FUNCTION = YES;
				GCC_WARN_UNUSED_VARIABLE = YES;
				IPHONEOS_DEPLOYMENT_TARGET = 12.4;
				MTL_ENABLE_DEBUG_INFO = NO;
				MTL_FAST_MATH = YES;
				SDKROOT = iphoneos;
				SWIFT_COMPILATION_MODE = wholemodule;
				SWIFT_OPTIMIZATION_LEVEL = "-O";
				VALIDATE_PRODUCT = YES;
			};
			name = Release;
		};
		18136D12230D9FC800271111 /* Debug */ = {
			isa = XCBuildConfiguration;
			baseConfigurationReference = 69F662A6EBC07C9DFA0011C8 /* Pods-TodoList.debug.xcconfig */;
			buildSettings = {
				ASSETCATALOG_COMPILER_APPICON_NAME = AppIcon;
				CODE_SIGN_STYLE = Automatic;
				DEVELOPMENT_TEAM = HHK59FK8Y7;
				INFOPLIST_FILE = TodoList/Info.plist;
				LD_RUNPATH_SEARCH_PATHS = (
					"$(inherited)",
					"@executable_path/Frameworks",
				);
				PRODUCT_BUNDLE_IDENTIFIER = t5.sample.TodoList;
				PRODUCT_NAME = "$(TARGET_NAME)";
				SWIFT_VERSION = 5.0;
				TARGETED_DEVICE_FAMILY = "1,2";
			};
			name = Debug;
		};
		18136D13230D9FC800271111 /* Release */ = {
			isa = XCBuildConfiguration;
			baseConfigurationReference = 0ED6A8DBA117B26AF27B771F /* Pods-TodoList.release.xcconfig */;
			buildSettings = {
				ASSETCATALOG_COMPILER_APPICON_NAME = AppIcon;
				CODE_SIGN_STYLE = Automatic;
				DEVELOPMENT_TEAM = HHK59FK8Y7;
				INFOPLIST_FILE = TodoList/Info.plist;
				LD_RUNPATH_SEARCH_PATHS = (
					"$(inherited)",
					"@executable_path/Frameworks",
				);
				PRODUCT_BUNDLE_IDENTIFIER = t5.sample.TodoList;
				PRODUCT_NAME = "$(TARGET_NAME)";
				SWIFT_VERSION = 5.0;
				TARGETED_DEVICE_FAMILY = "1,2";
			};
			name = Release;
		};
/* End XCBuildConfiguration section */

/* Begin XCConfigurationList section */
		18136CFA230D9FC700271111 /* Build configuration list for PBXProject "TodoList" */ = {
			isa = XCConfigurationList;
			buildConfigurations = (
				18136D0F230D9FC800271111 /* Debug */,
				18136D10230D9FC800271111 /* Release */,
			);
			defaultConfigurationIsVisible = 0;
			defaultConfigurationName = Release;
		};
		18136D11230D9FC800271111 /* Build configuration list for PBXNativeTarget "TodoList" */ = {
			isa = XCConfigurationList;
			buildConfigurations = (
				18136D12230D9FC800271111 /* Debug */,
				18136D13230D9FC800271111 /* Release */,
			);
			defaultConfigurationIsVisible = 0;
			defaultConfigurationName = Release;
		};
/* End XCConfigurationList section */
	};
	rootObject = 18136CF7230D9FC700271111 /* Project object */;
}
